
Microsoft Visual Studio Solution File, Format Version 12.00
# Visual Studio 15
Project("{2150E333-8FDC-42A3-9474-1A3956D46DE8}") = "src", "src", "{78C3B2E2-C7F9-4A4D-BA2A-5B47456133E3}"
EndProject
Project("{2150E333-8FDC-42A3-9474-1A3956D46DE8}") = "tests", "tests", "{3DB70047-BA2A-43C7-B700-CD7EC51CBBA3}"
EndProject
Project("{FAE04EC0-301F-11D3-BF4B-00C04F79EFBC}") = "HandsOn.Api", "src\HandsOn.Api\HandsOn.Api.csproj", "{C37F7318-0A37-461D-A0FF-6078BF2E2274}"
EndProject
Project("{FAE04EC0-301F-11D3-BF4B-00C04F79EFBC}") = "HandsOn.Business", "src\HandsOn.Business\HandsOn.Business.csproj", "{FEA43B2F-7355-49CC-B642-3208E116B672}"
EndProject
Project("{FAE04EC0-301F-11D3-BF4B-00C04F79EFBC}") = "HandsOn.Tests", "tests\HandsOn.Tests\HandsOn.Tests.csproj", "{1F5058FB-BFF6-44FD-9A28-2685EF74AB10}"
EndProject
Global
	GlobalSection(SolutionConfigurationPlatforms) = preSolution
		Debug|Any CPU = Debug|Any CPU
		Release|Any CPU = Release|Any CPU
	EndGlobalSection
	GlobalSection(ProjectConfigurationPlatforms) = postSolution
		{C37F7318-0A37-461D-A0FF-6078BF2E2274}.Debug|Any CPU.ActiveCfg = Debug|Any CPU
		{C37F7318-0A37-461D-A0FF-6078BF2E2274}.Debug|Any CPU.Build.0 = Debug|Any CPU
		{C37F7318-0A37-461D-A0FF-6078BF2E2274}.Release|Any CPU.ActiveCfg = Release|Any CPU
		{C37F7318-0A37-461D-A0FF-6078BF2E2274}.Release|Any CPU.Build.0 = Release|Any CPU
		{FEA43B2F-7355-49CC-B642-3208E116B672}.Debug|Any CPU.ActiveCfg = Debug|Any CPU
		{FEA43B2F-7355-49CC-B642-3208E116B672}.Debug|Any CPU.Build.0 = Debug|Any CPU
		{FEA43B2F-7355-49CC-B642-3208E116B672}.Release|Any CPU.ActiveCfg = Release|Any CPU
		{FEA43B2F-7355-49CC-B642-3208E116B672}.Release|Any CPU.Build.0 = Release|Any CPU
		{1F5058FB-BFF6-44FD-9A28-2685EF74AB10}.Debug|Any CPU.ActiveCfg = Debug|Any CPU
		{1F5058FB-BFF6-44FD-9A28-2685EF74AB10}.Debug|Any CPU.Build.0 = Debug|Any CPU
		{1F5058FB-BFF6-44FD-9A28-2685EF74AB10}.Release|Any CPU.ActiveCfg = Release|Any CPU
		{1F5058FB-BFF6-44FD-9A28-2685EF74AB10}.Release|Any CPU.Build.0 = Release|Any CPU
	EndGlobalSection
	GlobalSection(NestedProjects) = preSolution
		{C37F7318-0A37-461D-A0FF-6078BF2E2274} = {78C3B2E2-C7F9-4A4D-BA2A-5B47456133E3}
		{FEA43B2F-7355-49CC-B642-3208E116B672} = {78C3B2E2-C7F9-4A4D-BA2A-5B47456133E3}
		{1F5058FB-BFF6-44FD-9A28-2685EF74AB10} = {3DB70047-BA2A-43C7-B700-CD7EC51CBBA3}
	EndGlobalSection
EndGlobal
